
Microsoft Visual Studio Solution File, Format Version 12.00
# Visual Studio Version 16
VisualStudioVersion = 16.0.31410.357
MinimumVisualStudioVersion = 10.0.40219.1
Project("{FAE04EC0-301F-11D3-BF4B-00C04F79EFBC}") = "dell-fsd-project-1", "dell-fsd-project-1\dell-fsd-project-1.csproj", "{39CD558A-8E8B-41EC-B80F-0F0433061480}"
EndProject
Global
	GlobalSection(SolutionConfigurationPlatforms) = preSolution
		Debug|Any CPU = Debug|Any CPU
		Release|Any CPU = Release|Any CPU
	EndGlobalSection
	GlobalSection(ProjectConfigurationPlatforms) = postSolution
		{39CD558A-8E8B-41EC-B80F-0F0433061480}.Debug|Any CPU.ActiveCfg = Debug|Any CPU
		{39CD558A-8E8B-41EC-B80F-0F0433061480}.Debug|Any CPU.Build.0 = Debug|Any CPU
		{39CD558A-8E8B-41EC-B80F-0F0433061480}.Release|Any CPU.ActiveCfg = Release|Any CPU
		{39CD558A-8E8B-41EC-B80F-0F0433061480}.Release|Any CPU.Build.0 = Release|Any CPU
	EndGlobalSection
	GlobalSection(SolutionProperties) = preSolution
		HideSolutionNode = FALSE
	EndGlobalSection
	GlobalSection(ExtensibilityGlobals) = postSolution
		SolutionGuid = {35B52CD2-CDC5-414A-B711-5AAC6E41F639}
	EndGlobalSection
EndGlobal
